
Microsoft Visual Studio Solution File, Format Version 12.00
# Visual Studio 15
VisualStudioVersion = 15.0.28307.705
MinimumVisualStudioVersion = 10.0.40219.1
Project("{9A19103F-16F7-4668-BE54-9A1E7A4F7556}") = "PeopleSearch", "PeopleSearch\PeopleSearch.csproj", "{2AE24B46-756A-4230-9581-2EF612FA368A}"
EndProject
Project("{9A19103F-16F7-4668-BE54-9A1E7A4F7556}") = "PeopleSearchTests", "..\tests\PeopleSearchTests\PeopleSearchTests.csproj", "{DDE08F16-1A65-467C-BF80-B98475137855}"
EndProject
Global
	GlobalSection(SolutionConfigurationPlatforms) = preSolution
		Debug|Any CPU = Debug|Any CPU
		Release|Any CPU = Release|Any CPU
	EndGlobalSection
	GlobalSection(ProjectConfigurationPlatforms) = postSolution
		{2AE24B46-756A-4230-9581-2EF612FA368A}.Debug|Any CPU.ActiveCfg = Debug|Any CPU
		{2AE24B46-756A-4230-9581-2EF612FA368A}.Debug|Any CPU.Build.0 = Debug|Any CPU
		{2AE24B46-756A-4230-9581-2EF612FA368A}.Release|Any CPU.ActiveCfg = Release|Any CPU
		{2AE24B46-756A-4230-9581-2EF612FA368A}.Release|Any CPU.Build.0 = Release|Any CPU
		{DDE08F16-1A65-467C-BF80-B98475137855}.Debug|Any CPU.ActiveCfg = Debug|Any CPU
		{DDE08F16-1A65-467C-BF80-B98475137855}.Debug|Any CPU.Build.0 = Debug|Any CPU
		{DDE08F16-1A65-467C-BF80-B98475137855}.Release|Any CPU.ActiveCfg = Release|Any CPU
		{DDE08F16-1A65-467C-BF80-B98475137855}.Release|Any CPU.Build.0 = Release|Any CPU
	EndGlobalSection
	GlobalSection(SolutionProperties) = preSolution
		HideSolutionNode = FALSE
	EndGlobalSection
	GlobalSection(ExtensibilityGlobals) = postSolution
		SolutionGuid = {0801E1FC-5A84-4ED7-8FF7-F0C4D9B45B8A}
	EndGlobalSection
EndGlobal
